
Microsoft Visual Studio Solution File, Format Version 12.00
Project("{FAE04EC0-301F-11D3-BF4B-00C04F79EFBC}") = "KaiSeki", "KaiSeki\KaiSeki.csproj", "{B4C91DA9-A7A3-428B-A631-8EF96E6CC404}"
EndProject
Project("{FAE04EC0-301F-11D3-BF4B-00C04F79EFBC}") = "Server", "Server\Server.csproj", "{56BD9257-B946-4D1F-957E-1C36D31DA5D9}"
EndProject
Global
	GlobalSection(SolutionConfigurationPlatforms) = preSolution
		Debug|Any CPU = Debug|Any CPU
		Release|Any CPU = Release|Any CPU
	EndGlobalSection
	GlobalSection(ProjectConfigurationPlatforms) = postSolution
		{B4C91DA9-A7A3-428B-A631-8EF96E6CC404}.Debug|Any CPU.ActiveCfg = Debug|Any CPU
		{B4C91DA9-A7A3-428B-A631-8EF96E6CC404}.Debug|Any CPU.Build.0 = Debug|Any CPU
		{B4C91DA9-A7A3-428B-A631-8EF96E6CC404}.Release|Any CPU.ActiveCfg = Release|Any CPU
		{B4C91DA9-A7A3-428B-A631-8EF96E6CC404}.Release|Any CPU.Build.0 = Release|Any CPU
		{56BD9257-B946-4D1F-957E-1C36D31DA5D9}.Debug|Any CPU.ActiveCfg = Debug|Any CPU
		{56BD9257-B946-4D1F-957E-1C36D31DA5D9}.Debug|Any CPU.Build.0 = Debug|Any CPU
		{56BD9257-B946-4D1F-957E-1C36D31DA5D9}.Release|Any CPU.ActiveCfg = Release|Any CPU
		{56BD9257-B946-4D1F-957E-1C36D31DA5D9}.Release|Any CPU.Build.0 = Release|Any CPU
	EndGlobalSection
EndGlobal
